{
  "name": "transit-intelligence",
  "version": "1.0.0",
  "lockfileVersion": 3,
  "requires": true,
  "packages": {
    "": {
      "name": "transit-intelligence",
      "version": "1.0.0",
      "license": "ISC",
      "dependencies": {
        "celestine": "^0.2.1"
      }
    },
    "node_modules/celestine": {
      "version": "0.2.1",
      "resolved": "https://registry.npmjs.org/celestine/-/celestine-0.2.1.tgz",
      "integrity": "sha512-+AXIi4mPRTgK1n3TxUPf+UUiNyjeAmUR8FAKLb+ZQGN7O7vqv+vinFt/KzIKLg2DslMXJdLef2NeIsEL8zPhqA==",
      "license": "MIT",
      "engines": {
        "node": ">=18.0.0",
        "npm": ">=9.0.0"
      },
      "funding": {
        "type": "github",
        "url": "https://github.com/sponsors/Anonyfox"
      }
    }
  }
}
